
Microsoft Visual Studio Solution File, Format Version 12.00
# Visual Studio Version 17
VisualStudioVersion = 17.12.35527.113
MinimumVisualStudioVersion = 10.0.40219.1
Project("{FAE04EC0-301F-11D3-BF4B-00C04F79EFBC}") = "Labs_VA_2-8", "Labs_VA_2-8.csproj", "{81195D86-0336-4D81-A48A-FD12A0EBA893}"
EndProject
Project("{FAE04EC0-301F-11D3-BF4B-00C04F79EFBC}") = "LB2_VA", "..\LB2_VA\LB2_VA.csproj", "{43CD5D6F-A587-4CCB-B52C-7D7DAAB4E876}"
EndProject
Project("{FAE04EC0-301F-11D3-BF4B-00C04F79EFBC}") = "LB1_VA", "..\LB1_VA\LB1_VA.csproj", "{D7A30AA9-09FF-4F89-AD6C-468ED5DF7B33}"
EndProject
Project("{FAE04EC0-301F-11D3-BF4B-00C04F79EFBC}") = "LB4_VA", "..\LB4_VA\LB4_VA.csproj", "{DF70FC32-2E7A-4861-9AF1-E89AD4FE9B39}"
EndProject
Project("{FAE04EC0-301F-11D3-BF4B-00C04F79EFBC}") = "LB3_VA", "..\..\..\Downloads\LB3_VA-master\LB3_VA.csproj", "{79A5B248-CEB6-410C-916E-9B37525ABDB1}"
EndProject
Project("{FAE04EC0-301F-11D3-BF4B-00C04F79EFBC}") = "LB7_VA", "..\LB6_VA\LB7_VA.csproj", "{1EB03871-79B3-4963-968E-52F90074BE7B}"
EndProject
Project("{FAE04EC0-301F-11D3-BF4B-00C04F79EFBC}") = "LB8_VA", "..\LB8_VA\LB8_VA.csproj", "{0CE2BB3B-0C23-40F8-A8C3-C681623C1B9C}"
EndProject
Project("{FAE04EC0-301F-11D3-BF4B-00C04F79EFBC}") = "VA6", "..\..\..\Downloads\VA6\VA6\VA6.csproj", "{81240597-525E-4B9B-9985-BA618D031081}"
EndProject
Global
	GlobalSection(SolutionConfigurationPlatforms) = preSolution
		Debug|Any CPU = Debug|Any CPU
		Release|Any CPU = Release|Any CPU
	EndGlobalSection
	GlobalSection(ProjectConfigurationPlatforms) = postSolution
		{81195D86-0336-4D81-A48A-FD12A0EBA893}.Debug|Any CPU.ActiveCfg = Debug|Any CPU
		{81195D86-0336-4D81-A48A-FD12A0EBA893}.Debug|Any CPU.Build.0 = Debug|Any CPU
		{81195D86-0336-4D81-A48A-FD12A0EBA893}.Release|Any CPU.ActiveCfg = Release|Any CPU
		{81195D86-0336-4D81-A48A-FD12A0EBA893}.Release|Any CPU.Build.0 = Release|Any CPU
		{43CD5D6F-A587-4CCB-B52C-7D7DAAB4E876}.Debug|Any CPU.ActiveCfg = Debug|Any CPU
		{43CD5D6F-A587-4CCB-B52C-7D7DAAB4E876}.Debug|Any CPU.Build.0 = Debug|Any CPU
		{43CD5D6F-A587-4CCB-B52C-7D7DAAB4E876}.Release|Any CPU.ActiveCfg = Release|Any CPU
		{43CD5D6F-A587-4CCB-B52C-7D7DAAB4E876}.Release|Any CPU.Build.0 = Release|Any CPU
		{D7A30AA9-09FF-4F89-AD6C-468ED5DF7B33}.Debug|Any CPU.ActiveCfg = Debug|Any CPU
		{D7A30AA9-09FF-4F89-AD6C-468ED5DF7B33}.Debug|Any CPU.Build.0 = Debug|Any CPU
		{D7A30AA9-09FF-4F89-AD6C-468ED5DF7B33}.Release|Any CPU.ActiveCfg = Release|Any CPU
		{D7A30AA9-09FF-4F89-AD6C-468ED5DF7B33}.Release|Any CPU.Build.0 = Release|Any CPU
		{DF70FC32-2E7A-4861-9AF1-E89AD4FE9B39}.Debug|Any CPU.ActiveCfg = Debug|Any CPU
		{DF70FC32-2E7A-4861-9AF1-E89AD4FE9B39}.Debug|Any CPU.Build.0 = Debug|Any CPU
		{DF70FC32-2E7A-4861-9AF1-E89AD4FE9B39}.Release|Any CPU.ActiveCfg = Release|Any CPU
		{DF70FC32-2E7A-4861-9AF1-E89AD4FE9B39}.Release|Any CPU.Build.0 = Release|Any CPU
		{79A5B248-CEB6-410C-916E-9B37525ABDB1}.Debug|Any CPU.ActiveCfg = Debug|Any CPU
		{79A5B248-CEB6-410C-916E-9B37525ABDB1}.Debug|Any CPU.Build.0 = Debug|Any CPU
		{79A5B248-CEB6-410C-916E-9B37525ABDB1}.Release|Any CPU.ActiveCfg = Release|Any CPU
		{79A5B248-CEB6-410C-916E-9B37525ABDB1}.Release|Any CPU.Build.0 = Release|Any CPU
		{1EB03871-79B3-4963-968E-52F90074BE7B}.Debug|Any CPU.ActiveCfg = Debug|Any CPU
		{1EB03871-79B3-4963-968E-52F90074BE7B}.Debug|Any CPU.Build.0 = Debug|Any CPU
		{1EB03871-79B3-4963-968E-52F90074BE7B}.Release|Any CPU.ActiveCfg = Release|Any CPU
		{1EB03871-79B3-4963-968E-52F90074BE7B}.Release|Any CPU.Build.0 = Release|Any CPU
		{0CE2BB3B-0C23-40F8-A8C3-C681623C1B9C}.Debug|Any CPU.ActiveCfg = Debug|Any CPU
		{0CE2BB3B-0C23-40F8-A8C3-C681623C1B9C}.Debug|Any CPU.Build.0 = Debug|Any CPU
		{0CE2BB3B-0C23-40F8-A8C3-C681623C1B9C}.Release|Any CPU.ActiveCfg = Release|Any CPU
		{0CE2BB3B-0C23-40F8-A8C3-C681623C1B9C}.Release|Any CPU.Build.0 = Release|Any CPU
		{81240597-525E-4B9B-9985-BA618D031081}.Debug|Any CPU.ActiveCfg = Debug|Any CPU
		{81240597-525E-4B9B-9985-BA618D031081}.Debug|Any CPU.Build.0 = Debug|Any CPU
		{81240597-525E-4B9B-9985-BA618D031081}.Release|Any CPU.ActiveCfg = Release|Any CPU
		{81240597-525E-4B9B-9985-BA618D031081}.Release|Any CPU.Build.0 = Release|Any CPU
	EndGlobalSection
	GlobalSection(SolutionProperties) = preSolution
		HideSolutionNode = FALSE
	EndGlobalSection
EndGlobal
